
Microsoft Visual Studio Solution File, Format Version 12.00
# Visual Studio Version 16
VisualStudioVersion = 16.0.31205.134
MinimumVisualStudioVersion = 10.0.40219.1
Project("{FAE04EC0-301F-11D3-BF4B-00C04F79EFBC}") = "password encryptor and decrypt csharp desktop", "password encryptor and decrypt csharp desktop\password encryptor and decrypt csharp desktop.csproj", "{50610181-527C-4344-A4F2-00426EFA3089}"
EndProject
Global
	GlobalSection(SolutionConfigurationPlatforms) = preSolution
		Debug|Any CPU = Debug|Any CPU
		Release|Any CPU = Release|Any CPU
	EndGlobalSection
	GlobalSection(ProjectConfigurationPlatforms) = postSolution
		{50610181-527C-4344-A4F2-00426EFA3089}.Debug|Any CPU.ActiveCfg = Debug|Any CPU
		{50610181-527C-4344-A4F2-00426EFA3089}.Debug|Any CPU.Build.0 = Debug|Any CPU
		{50610181-527C-4344-A4F2-00426EFA3089}.Release|Any CPU.ActiveCfg = Release|Any CPU
		{50610181-527C-4344-A4F2-00426EFA3089}.Release|Any CPU.Build.0 = Release|Any CPU
	EndGlobalSection
	GlobalSection(SolutionProperties) = preSolution
		HideSolutionNode = FALSE
	EndGlobalSection
	GlobalSection(ExtensibilityGlobals) = postSolution
		SolutionGuid = {5BCA8C63-86CF-440E-8654-AA151A3BEACC}
	EndGlobalSection
EndGlobal
